
Microsoft Visual Studio Solution File, Format Version 12.00
# Visual Studio Version 17
VisualStudioVersion = 17.10.35122.118
MinimumVisualStudioVersion = 10.0.40219.1
Project("{FAE04EC0-301F-11D3-BF4B-00C04F79EFBC}") = "2274801040879_DinhDieuHuong8", "2274801040879_DinhDieuHuong8\2274801040879_DinhDieuHuong8.csproj", "{1A26AE41-4CBF-4BCF-95C2-A553B611543B}"
EndProject
Global
	GlobalSection(SolutionConfigurationPlatforms) = preSolution
		Debug|Any CPU = Debug|Any CPU
		Release|Any CPU = Release|Any CPU
	EndGlobalSection
	GlobalSection(ProjectConfigurationPlatforms) = postSolution
		{1A26AE41-4CBF-4BCF-95C2-A553B611543B}.Debug|Any CPU.ActiveCfg = Debug|Any CPU
		{1A26AE41-4CBF-4BCF-95C2-A553B611543B}.Debug|Any CPU.Build.0 = Debug|Any CPU
		{1A26AE41-4CBF-4BCF-95C2-A553B611543B}.Release|Any CPU.ActiveCfg = Release|Any CPU
		{1A26AE41-4CBF-4BCF-95C2-A553B611543B}.Release|Any CPU.Build.0 = Release|Any CPU
	EndGlobalSection
	GlobalSection(SolutionProperties) = preSolution
		HideSolutionNode = FALSE
	EndGlobalSection
	GlobalSection(ExtensibilityGlobals) = postSolution
		SolutionGuid = {72D9A924-A176-4322-8281-8E2EBCA7676A}
	EndGlobalSection
EndGlobal
